
Microsoft Visual Studio Solution File, Format Version 12.00
# Visual Studio 15
Project("{FAE04EC0-301F-11D3-BF4B-00C04F79EFBC}") = "DataCards.Android", "DataCards.Android\DataCards.Android.csproj", "{1E33862E-130C-4946-80F9-A8298E74BEE2}"
EndProject
Project("{FAE04EC0-301F-11D3-BF4B-00C04F79EFBC}") = "DataCards.iOS", "DataCards.iOS\DataCards.iOS.csproj", "{8DC38FB8-72BD-4CE4-B4E5-1A3124DCBFA5}"
EndProject
Project("{FAE04EC0-301F-11D3-BF4B-00C04F79EFBC}") = "DataCards", "DataCards\DataCards.csproj", "{D61F592E-B9C0-4C8A-9183-79C736DC9ED6}"
EndProject
Project("{FAE04EC0-301F-11D3-BF4B-00C04F79EFBC}") = "DotNetCLIStartup", "DotNetCLIStartup\DotNetCLIStartup.csproj", "{70791DAB-6C4D-4E1B-88B0-718254A36417}"
EndProject
Global
	GlobalSection(SolutionConfigurationPlatforms) = preSolution
		Debug|Any CPU = Debug|Any CPU
		Release|Any CPU = Release|Any CPU
		Debug|iPhoneSimulator = Debug|iPhoneSimulator
		Release|iPhoneSimulator = Release|iPhoneSimulator
		Debug|iPhone = Debug|iPhone
		Release|iPhone = Release|iPhone
		Ad-Hoc|iPhone = Ad-Hoc|iPhone
		AppStore|iPhone = AppStore|iPhone
	EndGlobalSection
	GlobalSection(ProjectConfigurationPlatforms) = postSolution
		{1E33862E-130C-4946-80F9-A8298E74BEE2}.Debug|Any CPU.ActiveCfg = Debug|Any CPU
		{1E33862E-130C-4946-80F9-A8298E74BEE2}.Debug|Any CPU.Build.0 = Debug|Any CPU
		{1E33862E-130C-4946-80F9-A8298E74BEE2}.Release|Any CPU.ActiveCfg = Release|Any CPU
		{1E33862E-130C-4946-80F9-A8298E74BEE2}.Release|Any CPU.Build.0 = Release|Any CPU
		{1E33862E-130C-4946-80F9-A8298E74BEE2}.Debug|iPhoneSimulator.ActiveCfg = Debug|Any CPU
		{1E33862E-130C-4946-80F9-A8298E74BEE2}.Debug|iPhoneSimulator.Build.0 = Debug|Any CPU
		{1E33862E-130C-4946-80F9-A8298E74BEE2}.Release|iPhoneSimulator.ActiveCfg = Release|Any CPU
		{1E33862E-130C-4946-80F9-A8298E74BEE2}.Release|iPhoneSimulator.Build.0 = Release|Any CPU
		{1E33862E-130C-4946-80F9-A8298E74BEE2}.Debug|iPhone.ActiveCfg = Debug|Any CPU
		{1E33862E-130C-4946-80F9-A8298E74BEE2}.Debug|iPhone.Build.0 = Debug|Any CPU
		{1E33862E-130C-4946-80F9-A8298E74BEE2}.Release|iPhone.ActiveCfg = Release|Any CPU
		{1E33862E-130C-4946-80F9-A8298E74BEE2}.Release|iPhone.Build.0 = Release|Any CPU
		{1E33862E-130C-4946-80F9-A8298E74BEE2}.Ad-Hoc|iPhone.ActiveCfg = Debug|Any CPU
		{1E33862E-130C-4946-80F9-A8298E74BEE2}.Ad-Hoc|iPhone.Build.0 = Debug|Any CPU
		{1E33862E-130C-4946-80F9-A8298E74BEE2}.AppStore|iPhone.ActiveCfg = Debug|Any CPU
		{1E33862E-130C-4946-80F9-A8298E74BEE2}.AppStore|iPhone.Build.0 = Debug|Any CPU
		{8DC38FB8-72BD-4CE4-B4E5-1A3124DCBFA5}.Debug|Any CPU.ActiveCfg = Debug|iPhoneSimulator
		{8DC38FB8-72BD-4CE4-B4E5-1A3124DCBFA5}.Debug|Any CPU.Build.0 = Debug|iPhoneSimulator
		{8DC38FB8-72BD-4CE4-B4E5-1A3124DCBFA5}.Release|Any CPU.ActiveCfg = Release|iPhoneSimulator
		{8DC38FB8-72BD-4CE4-B4E5-1A3124DCBFA5}.Release|Any CPU.Build.0 = Release|iPhoneSimulator
		{8DC38FB8-72BD-4CE4-B4E5-1A3124DCBFA5}.Debug|iPhoneSimulator.ActiveCfg = Debug|iPhoneSimulator
		{8DC38FB8-72BD-4CE4-B4E5-1A3124DCBFA5}.Debug|iPhoneSimulator.Build.0 = Debug|iPhoneSimulator
		{8DC38FB8-72BD-4CE4-B4E5-1A3124DCBFA5}.Release|iPhoneSimulator.ActiveCfg = Release|iPhoneSimulator
		{8DC38FB8-72BD-4CE4-B4E5-1A3124DCBFA5}.Release|iPhoneSimulator.Build.0 = Release|iPhoneSimulator
		{8DC38FB8-72BD-4CE4-B4E5-1A3124DCBFA5}.Debug|iPhone.ActiveCfg = Debug|iPhone
		{8DC38FB8-72BD-4CE4-B4E5-1A3124DCBFA5}.Debug|iPhone.Build.0 = Debug|iPhone
		{8DC38FB8-72BD-4CE4-B4E5-1A3124DCBFA5}.Release|iPhone.ActiveCfg = Release|iPhone
		{8DC38FB8-72BD-4CE4-B4E5-1A3124DCBFA5}.Release|iPhone.Build.0 = Release|iPhone
		{8DC38FB8-72BD-4CE4-B4E5-1A3124DCBFA5}.Ad-Hoc|iPhone.ActiveCfg = Ad-Hoc|iPhone
		{8DC38FB8-72BD-4CE4-B4E5-1A3124DCBFA5}.Ad-Hoc|iPhone.Build.0 = Ad-Hoc|iPhone
		{8DC38FB8-72BD-4CE4-B4E5-1A3124DCBFA5}.AppStore|iPhone.ActiveCfg = AppStore|iPhone
		{8DC38FB8-72BD-4CE4-B4E5-1A3124DCBFA5}.AppStore|iPhone.Build.0 = AppStore|iPhone
		{D61F592E-B9C0-4C8A-9183-79C736DC9ED6}.Debug|Any CPU.ActiveCfg = Debug|Any CPU
		{D61F592E-B9C0-4C8A-9183-79C736DC9ED6}.Debug|Any CPU.Build.0 = Debug|Any CPU
		{D61F592E-B9C0-4C8A-9183-79C736DC9ED6}.Release|Any CPU.ActiveCfg = Release|Any CPU
		{D61F592E-B9C0-4C8A-9183-79C736DC9ED6}.Release|Any CPU.Build.0 = Release|Any CPU
		{D61F592E-B9C0-4C8A-9183-79C736DC9ED6}.Debug|iPhoneSimulator.ActiveCfg = Debug|Any CPU
		{D61F592E-B9C0-4C8A-9183-79C736DC9ED6}.Debug|iPhoneSimulator.Build.0 = Debug|Any CPU
		{D61F592E-B9C0-4C8A-9183-79C736DC9ED6}.Release|iPhoneSimulator.ActiveCfg = Release|Any CPU
		{D61F592E-B9C0-4C8A-9183-79C736DC9ED6}.Release|iPhoneSimulator.Build.0 = Release|Any CPU
		{D61F592E-B9C0-4C8A-9183-79C736DC9ED6}.Debug|iPhone.ActiveCfg = Debug|Any CPU
		{D61F592E-B9C0-4C8A-9183-79C736DC9ED6}.Debug|iPhone.Build.0 = Debug|Any CPU
		{D61F592E-B9C0-4C8A-9183-79C736DC9ED6}.Release|iPhone.ActiveCfg = Release|Any CPU
		{D61F592E-B9C0-4C8A-9183-79C736DC9ED6}.Release|iPhone.Build.0 = Release|Any CPU
		{D61F592E-B9C0-4C8A-9183-79C736DC9ED6}.Ad-Hoc|iPhone.ActiveCfg = Debug|Any CPU
		{D61F592E-B9C0-4C8A-9183-79C736DC9ED6}.Ad-Hoc|iPhone.Build.0 = Debug|Any CPU
		{D61F592E-B9C0-4C8A-9183-79C736DC9ED6}.AppStore|iPhone.ActiveCfg = Debug|Any CPU
		{D61F592E-B9C0-4C8A-9183-79C736DC9ED6}.AppStore|iPhone.Build.0 = Debug|Any CPU
		{70791DAB-6C4D-4E1B-88B0-718254A36417}.Debug|Any CPU.ActiveCfg = Debug|Any CPU
		{70791DAB-6C4D-4E1B-88B0-718254A36417}.Debug|Any CPU.Build.0 = Debug|Any CPU
		{70791DAB-6C4D-4E1B-88B0-718254A36417}.Release|Any CPU.ActiveCfg = Release|Any CPU
		{70791DAB-6C4D-4E1B-88B0-718254A36417}.Release|Any CPU.Build.0 = Release|Any CPU
		{70791DAB-6C4D-4E1B-88B0-718254A36417}.Debug|iPhoneSimulator.ActiveCfg = Debug|Any CPU
		{70791DAB-6C4D-4E1B-88B0-718254A36417}.Debug|iPhoneSimulator.Build.0 = Debug|Any CPU
		{70791DAB-6C4D-4E1B-88B0-718254A36417}.Release|iPhoneSimulator.ActiveCfg = Release|Any CPU
		{70791DAB-6C4D-4E1B-88B0-718254A36417}.Release|iPhoneSimulator.Build.0 = Release|Any CPU
		{70791DAB-6C4D-4E1B-88B0-718254A36417}.Debug|iPhone.ActiveCfg = Debug|Any CPU
		{70791DAB-6C4D-4E1B-88B0-718254A36417}.Debug|iPhone.Build.0 = Debug|Any CPU
		{70791DAB-6C4D-4E1B-88B0-718254A36417}.Release|iPhone.ActiveCfg = Release|Any CPU
		{70791DAB-6C4D-4E1B-88B0-718254A36417}.Release|iPhone.Build.0 = Release|Any CPU
		{70791DAB-6C4D-4E1B-88B0-718254A36417}.Ad-Hoc|iPhone.ActiveCfg = Debug|Any CPU
		{70791DAB-6C4D-4E1B-88B0-718254A36417}.Ad-Hoc|iPhone.Build.0 = Debug|Any CPU
		{70791DAB-6C4D-4E1B-88B0-718254A36417}.AppStore|iPhone.ActiveCfg = Debug|Any CPU
		{70791DAB-6C4D-4E1B-88B0-718254A36417}.AppStore|iPhone.Build.0 = Debug|Any CPU
	EndGlobalSection
EndGlobal
